
Microsoft Visual Studio Solution File, Format Version 12.00
# Visual Studio Version 17
VisualStudioVersion = 17.6.33801.468
MinimumVisualStudioVersion = 10.0.40219.1
Project("{FAE04EC0-301F-11D3-BF4B-00C04F79EFBC}") = "MetinBelgesi", "MetinBelgesi.csproj", "{17B16509-8B47-40E3-96FD-9B12C5479C5A}"
EndProject
Global
	GlobalSection(SolutionConfigurationPlatforms) = preSolution
		Debug|Any CPU = Debug|Any CPU
		Release|Any CPU = Release|Any CPU
	EndGlobalSection
	GlobalSection(ProjectConfigurationPlatforms) = postSolution
		{17B16509-8B47-40E3-96FD-9B12C5479C5A}.Debug|Any CPU.ActiveCfg = Debug|Any CPU
		{17B16509-8B47-40E3-96FD-9B12C5479C5A}.Debug|Any CPU.Build.0 = Debug|Any CPU
		{17B16509-8B47-40E3-96FD-9B12C5479C5A}.Release|Any CPU.ActiveCfg = Release|Any CPU
		{17B16509-8B47-40E3-96FD-9B12C5479C5A}.Release|Any CPU.Build.0 = Release|Any CPU
	EndGlobalSection
	GlobalSection(SolutionProperties) = preSolution
		HideSolutionNode = FALSE
	EndGlobalSection
	GlobalSection(ExtensibilityGlobals) = postSolution
		SolutionGuid = {1BC4E236-C00F-4787-B112-FE5BF614895D}
	EndGlobalSection
EndGlobal
